
Microsoft Visual Studio Solution File, Format Version 12.00
# Visual Studio Version 17
VisualStudioVersion = 17.10.34928.147
MinimumVisualStudioVersion = 10.0.40219.1
Project("{9A19103F-16F7-4668-BE54-9A1E7A4F7556}") = "Sales.Shared", "Sales.Shared\Sales.Shared.csproj", "{B16EB22B-BC57-4CCC-B9AB-6CD901695983}"
EndProject
Project("{9A19103F-16F7-4668-BE54-9A1E7A4F7556}") = "Sales.API", "Sales.API\Sales.API.csproj", "{722ED863-B02A-42F8-AA8F-8BE4E99D7630}"
EndProject
Project("{9A19103F-16F7-4668-BE54-9A1E7A4F7556}") = "Sales.WEB", "Sales.WEB\Sales.WEB.csproj", "{AE863D65-3A57-4988-936C-661B160E673D}"
EndProject
Project("{9A19103F-16F7-4668-BE54-9A1E7A4F7556}") = "Sales.Mobile", "Sales.Mobile\Sales.Mobile.csproj", "{BA8751E3-0166-4495-97BC-D02C190C53AA}"
EndProject
Global
	GlobalSection(SolutionConfigurationPlatforms) = preSolution
		Debug|Any CPU = Debug|Any CPU
		Release|Any CPU = Release|Any CPU
	EndGlobalSection
	GlobalSection(ProjectConfigurationPlatforms) = postSolution
		{B16EB22B-BC57-4CCC-B9AB-6CD901695983}.Debug|Any CPU.ActiveCfg = Debug|Any CPU
		{B16EB22B-BC57-4CCC-B9AB-6CD901695983}.Debug|Any CPU.Build.0 = Debug|Any CPU
		{B16EB22B-BC57-4CCC-B9AB-6CD901695983}.Release|Any CPU.ActiveCfg = Release|Any CPU
		{B16EB22B-BC57-4CCC-B9AB-6CD901695983}.Release|Any CPU.Build.0 = Release|Any CPU
		{722ED863-B02A-42F8-AA8F-8BE4E99D7630}.Debug|Any CPU.ActiveCfg = Debug|Any CPU
		{722ED863-B02A-42F8-AA8F-8BE4E99D7630}.Debug|Any CPU.Build.0 = Debug|Any CPU
		{722ED863-B02A-42F8-AA8F-8BE4E99D7630}.Release|Any CPU.ActiveCfg = Release|Any CPU
		{722ED863-B02A-42F8-AA8F-8BE4E99D7630}.Release|Any CPU.Build.0 = Release|Any CPU
		{AE863D65-3A57-4988-936C-661B160E673D}.Debug|Any CPU.ActiveCfg = Debug|Any CPU
		{AE863D65-3A57-4988-936C-661B160E673D}.Debug|Any CPU.Build.0 = Debug|Any CPU
		{AE863D65-3A57-4988-936C-661B160E673D}.Release|Any CPU.ActiveCfg = Release|Any CPU
		{AE863D65-3A57-4988-936C-661B160E673D}.Release|Any CPU.Build.0 = Release|Any CPU
		{BA8751E3-0166-4495-97BC-D02C190C53AA}.Debug|Any CPU.ActiveCfg = Debug|Any CPU
		{BA8751E3-0166-4495-97BC-D02C190C53AA}.Debug|Any CPU.Build.0 = Debug|Any CPU
		{BA8751E3-0166-4495-97BC-D02C190C53AA}.Debug|Any CPU.Deploy.0 = Debug|Any CPU
		{BA8751E3-0166-4495-97BC-D02C190C53AA}.Release|Any CPU.ActiveCfg = Release|Any CPU
		{BA8751E3-0166-4495-97BC-D02C190C53AA}.Release|Any CPU.Build.0 = Release|Any CPU
		{BA8751E3-0166-4495-97BC-D02C190C53AA}.Release|Any CPU.Deploy.0 = Release|Any CPU
	EndGlobalSection
	GlobalSection(SolutionProperties) = preSolution
		HideSolutionNode = FALSE
	EndGlobalSection
	GlobalSection(ExtensibilityGlobals) = postSolution
		SolutionGuid = {440D8E04-8CD0-4037-A81D-5F04A4CDAEFB}
	EndGlobalSection
EndGlobal
